
Microsoft Visual Studio Solution File, Format Version 12.00
# Visual Studio Version 17
VisualStudioVersion = 17.7.34221.43
MinimumVisualStudioVersion = 10.0.40219.1
Project("{2150E333-8FDC-42A3-9474-1A3956D46DE8}") = "src", "src", "{2F74468B-D348-4539-A627-5D0C405870D9}"
EndProject
Project("{2150E333-8FDC-42A3-9474-1A3956D46DE8}") = "Domain", "Domain", "{6313D125-2197-437A-B056-B8EF374E0605}"
EndProject
Project("{9A19103F-16F7-4668-BE54-9A1E7A4F7556}") = "Domain", "src\Domain\Domain.csproj", "{44A79622-C8BC-45B2-B76A-013B679E83D2}"
EndProject
Project("{2150E333-8FDC-42A3-9474-1A3956D46DE8}") = "Application", "Application", "{ACD378EF-F3FB-49F2-919A-9264C64557DE}"
EndProject
Project("{9A19103F-16F7-4668-BE54-9A1E7A4F7556}") = "Application", "src\Application\Application\Application.csproj", "{225C3150-3050-414D-8376-6DAC4AFC9B9B}"
EndProject
Project("{2150E333-8FDC-42A3-9474-1A3956D46DE8}") = "Infrastructure", "Infrastructure", "{AA31D5DA-FAEB-4F2B-982F-F1E0DB279E4D}"
EndProject
Project("{9A19103F-16F7-4668-BE54-9A1E7A4F7556}") = "Infrastructure", "src\Infrastructure\Infrastructure.csproj", "{60B81964-38A8-46AA-98D8-EE5DBED97EE7}"
EndProject
Project("{2150E333-8FDC-42A3-9474-1A3956D46DE8}") = "Presentation", "Presentation", "{49849839-A99B-40A1-98A1-DA92D7B38DB3}"
EndProject
Project("{FAE04EC0-301F-11D3-BF4B-00C04F79EFBC}") = "WebAPI", "src\WebAPI\WebAPI.csproj", "{E21D67D7-1B0F-4D8C-941D-F7B40B84F612}"
EndProject
Global
	GlobalSection(SolutionConfigurationPlatforms) = preSolution
		Debug|Any CPU = Debug|Any CPU
		Release|Any CPU = Release|Any CPU
	EndGlobalSection
	GlobalSection(ProjectConfigurationPlatforms) = postSolution
		{44A79622-C8BC-45B2-B76A-013B679E83D2}.Debug|Any CPU.ActiveCfg = Debug|Any CPU
		{44A79622-C8BC-45B2-B76A-013B679E83D2}.Debug|Any CPU.Build.0 = Debug|Any CPU
		{44A79622-C8BC-45B2-B76A-013B679E83D2}.Release|Any CPU.ActiveCfg = Release|Any CPU
		{44A79622-C8BC-45B2-B76A-013B679E83D2}.Release|Any CPU.Build.0 = Release|Any CPU
		{225C3150-3050-414D-8376-6DAC4AFC9B9B}.Debug|Any CPU.ActiveCfg = Debug|Any CPU
		{225C3150-3050-414D-8376-6DAC4AFC9B9B}.Debug|Any CPU.Build.0 = Debug|Any CPU
		{225C3150-3050-414D-8376-6DAC4AFC9B9B}.Release|Any CPU.ActiveCfg = Release|Any CPU
		{225C3150-3050-414D-8376-6DAC4AFC9B9B}.Release|Any CPU.Build.0 = Release|Any CPU
		{60B81964-38A8-46AA-98D8-EE5DBED97EE7}.Debug|Any CPU.ActiveCfg = Debug|Any CPU
		{60B81964-38A8-46AA-98D8-EE5DBED97EE7}.Debug|Any CPU.Build.0 = Debug|Any CPU
		{60B81964-38A8-46AA-98D8-EE5DBED97EE7}.Release|Any CPU.ActiveCfg = Release|Any CPU
		{60B81964-38A8-46AA-98D8-EE5DBED97EE7}.Release|Any CPU.Build.0 = Release|Any CPU
		{E21D67D7-1B0F-4D8C-941D-F7B40B84F612}.Debug|Any CPU.ActiveCfg = Debug|Any CPU
		{E21D67D7-1B0F-4D8C-941D-F7B40B84F612}.Debug|Any CPU.Build.0 = Debug|Any CPU
		{E21D67D7-1B0F-4D8C-941D-F7B40B84F612}.Release|Any CPU.ActiveCfg = Release|Any CPU
		{E21D67D7-1B0F-4D8C-941D-F7B40B84F612}.Release|Any CPU.Build.0 = Release|Any CPU
	EndGlobalSection
	GlobalSection(SolutionProperties) = preSolution
		HideSolutionNode = FALSE
	EndGlobalSection
	GlobalSection(NestedProjects) = preSolution
		{6313D125-2197-437A-B056-B8EF374E0605} = {2F74468B-D348-4539-A627-5D0C405870D9}
		{44A79622-C8BC-45B2-B76A-013B679E83D2} = {6313D125-2197-437A-B056-B8EF374E0605}
		{ACD378EF-F3FB-49F2-919A-9264C64557DE} = {2F74468B-D348-4539-A627-5D0C405870D9}
		{225C3150-3050-414D-8376-6DAC4AFC9B9B} = {ACD378EF-F3FB-49F2-919A-9264C64557DE}
		{AA31D5DA-FAEB-4F2B-982F-F1E0DB279E4D} = {2F74468B-D348-4539-A627-5D0C405870D9}
		{60B81964-38A8-46AA-98D8-EE5DBED97EE7} = {AA31D5DA-FAEB-4F2B-982F-F1E0DB279E4D}
		{49849839-A99B-40A1-98A1-DA92D7B38DB3} = {2F74468B-D348-4539-A627-5D0C405870D9}
		{E21D67D7-1B0F-4D8C-941D-F7B40B84F612} = {49849839-A99B-40A1-98A1-DA92D7B38DB3}
	EndGlobalSection
	GlobalSection(ExtensibilityGlobals) = postSolution
		SolutionGuid = {801B575F-6A6E-4C0A-A792-DD6BDF9C84CE}
	EndGlobalSection
EndGlobal
